
Microsoft Visual Studio Solution File, Format Version 12.00
# Visual Studio Version 17
VisualStudioVersion = 17.5.33516.290
MinimumVisualStudioVersion = 10.0.40219.1
Project("{9A19103F-16F7-4668-BE54-9A1E7A4F7556}") = "DataLogicLibrary", "DataLogicLibrary\DataLogicLibrary.csproj", "{D4FCAABE-5F8A-4B6E-99A6-7727105DFCA7}"
EndProject
Project("{9A19103F-16F7-4668-BE54-9A1E7A4F7556}") = "APIServiceLibrary", "APIServiceLibrary\APIServiceLibrary.csproj", "{79A4151F-26E9-4AC5-9F75-CB2B39F1CF41}"
EndProject
Project("{FAE04EC0-301F-11D3-BF4B-00C04F79EFBC}") = "CarSimulator.Server", "CarSimulator.Server\CarSimulator.Server.csproj", "{02850447-C7EE-48D4-95E2-0C12BBF894E7}"
EndProject
Project("{FAE04EC0-301F-11D3-BF4B-00C04F79EFBC}") = "CarSimulator.Test", "CarSimulator.Test\CarSimulator.Test.csproj", "{A9D2E3B5-0A4A-404D-A0CE-D670F4DC2E6B}"
EndProject
Project("{2150E333-8FDC-42A3-9474-1A3956D46DE8}") = ".github", ".github", "{02EA681E-C7D8-13C7-8484-4AC65E1B71E8}"
EndProject
Project("{2150E333-8FDC-42A3-9474-1A3956D46DE8}") = "workflows", "workflows", "{D4A35173-087B-4F33-B27C-89A65BE122E0}"
	ProjectSection(SolutionItems) = preProject
		dotnet.yml = dotnet.yml
	EndProjectSection
EndProject
Global
	GlobalSection(SolutionConfigurationPlatforms) = preSolution
		Debug|Any CPU = Debug|Any CPU
		Release|Any CPU = Release|Any CPU
	EndGlobalSection
	GlobalSection(ProjectConfigurationPlatforms) = postSolution
		{D4FCAABE-5F8A-4B6E-99A6-7727105DFCA7}.Debug|Any CPU.ActiveCfg = Debug|Any CPU
		{D4FCAABE-5F8A-4B6E-99A6-7727105DFCA7}.Debug|Any CPU.Build.0 = Debug|Any CPU
		{D4FCAABE-5F8A-4B6E-99A6-7727105DFCA7}.Release|Any CPU.ActiveCfg = Release|Any CPU
		{D4FCAABE-5F8A-4B6E-99A6-7727105DFCA7}.Release|Any CPU.Build.0 = Release|Any CPU
		{79A4151F-26E9-4AC5-9F75-CB2B39F1CF41}.Debug|Any CPU.ActiveCfg = Debug|Any CPU
		{79A4151F-26E9-4AC5-9F75-CB2B39F1CF41}.Debug|Any CPU.Build.0 = Debug|Any CPU
		{79A4151F-26E9-4AC5-9F75-CB2B39F1CF41}.Release|Any CPU.ActiveCfg = Release|Any CPU
		{79A4151F-26E9-4AC5-9F75-CB2B39F1CF41}.Release|Any CPU.Build.0 = Release|Any CPU
		{02850447-C7EE-48D4-95E2-0C12BBF894E7}.Debug|Any CPU.ActiveCfg = Debug|Any CPU
		{02850447-C7EE-48D4-95E2-0C12BBF894E7}.Debug|Any CPU.Build.0 = Debug|Any CPU
		{02850447-C7EE-48D4-95E2-0C12BBF894E7}.Release|Any CPU.ActiveCfg = Release|Any CPU
		{02850447-C7EE-48D4-95E2-0C12BBF894E7}.Release|Any CPU.Build.0 = Release|Any CPU
		{A9D2E3B5-0A4A-404D-A0CE-D670F4DC2E6B}.Debug|Any CPU.ActiveCfg = Debug|Any CPU
		{A9D2E3B5-0A4A-404D-A0CE-D670F4DC2E6B}.Debug|Any CPU.Build.0 = Debug|Any CPU
		{A9D2E3B5-0A4A-404D-A0CE-D670F4DC2E6B}.Release|Any CPU.ActiveCfg = Release|Any CPU
		{A9D2E3B5-0A4A-404D-A0CE-D670F4DC2E6B}.Release|Any CPU.Build.0 = Release|Any CPU
	EndGlobalSection
	GlobalSection(SolutionProperties) = preSolution
		HideSolutionNode = FALSE
	EndGlobalSection
	GlobalSection(NestedProjects) = preSolution
		{D4A35173-087B-4F33-B27C-89A65BE122E0} = {02EA681E-C7D8-13C7-8484-4AC65E1B71E8}
	EndGlobalSection
	GlobalSection(ExtensibilityGlobals) = postSolution
		SolutionGuid = {5C9C84C6-22E3-4890-B861-7564B1F6DF9E}
	EndGlobalSection
EndGlobal
